
Microsoft Visual Studio Solution File, Format Version 12.00
# Visual Studio 15
VisualStudioVersion = 15.0.27130.2010
MinimumVisualStudioVersion = 10.0.40219.1
Project("{9A19103F-16F7-4668-BE54-9A1E7A4F7556}") = "dotnetCore_pgsql", "dotnetCore_pgsql\dotnetCore_pgsql.csproj", "{EF006DA7-80A2-4A46-93D4-1DEC71F01F3C}"
EndProject
Project("{9A19103F-16F7-4668-BE54-9A1E7A4F7556}") = "Common", "Common\Common.csproj", "{AB4361E2-CB03-421D-9EFB-A54C499A7620}"
EndProject
Global
	GlobalSection(SolutionConfigurationPlatforms) = preSolution
		Debug|Any CPU = Debug|Any CPU
		Release|Any CPU = Release|Any CPU
	EndGlobalSection
	GlobalSection(ProjectConfigurationPlatforms) = postSolution
		{EF006DA7-80A2-4A46-93D4-1DEC71F01F3C}.Debug|Any CPU.ActiveCfg = Debug|Any CPU
		{EF006DA7-80A2-4A46-93D4-1DEC71F01F3C}.Debug|Any CPU.Build.0 = Debug|Any CPU
		{EF006DA7-80A2-4A46-93D4-1DEC71F01F3C}.Release|Any CPU.ActiveCfg = Release|Any CPU
		{EF006DA7-80A2-4A46-93D4-1DEC71F01F3C}.Release|Any CPU.Build.0 = Release|Any CPU
		{AB4361E2-CB03-421D-9EFB-A54C499A7620}.Debug|Any CPU.ActiveCfg = Debug|Any CPU
		{AB4361E2-CB03-421D-9EFB-A54C499A7620}.Debug|Any CPU.Build.0 = Debug|Any CPU
		{AB4361E2-CB03-421D-9EFB-A54C499A7620}.Release|Any CPU.ActiveCfg = Release|Any CPU
		{AB4361E2-CB03-421D-9EFB-A54C499A7620}.Release|Any CPU.Build.0 = Release|Any CPU
	EndGlobalSection
	GlobalSection(SolutionProperties) = preSolution
		HideSolutionNode = FALSE
	EndGlobalSection
	GlobalSection(ExtensibilityGlobals) = postSolution
		SolutionGuid = {AC8A76F0-ADF4-4D67-BF13-64CB7268D6C8}
	EndGlobalSection
EndGlobal
