
Microsoft Visual Studio Solution File, Format Version 12.00
# Visual Studio Version 16
VisualStudioVersion = 16.0.29503.13
MinimumVisualStudioVersion = 10.0.40219.1
Project("{9A19103F-16F7-4668-BE54-9A1E7A4F7556}") = "Meta.App", "Meta.App\Meta.App.csproj", "{EF006DA7-80A2-4A46-93D4-1DEC71F01F3C}"
EndProject
Project("{9A19103F-16F7-4668-BE54-9A1E7A4F7556}") = "Meta.Common", "Meta.Common\Meta.Common.csproj", "{AB4361E2-CB03-421D-9EFB-A54C499A7620}"
EndProject
Project("{2150E333-8FDC-42A3-9474-1A3956D46DE8}") = "src", "src", "{7D3EA1C3-D54A-4326-825F-F7B93A2648E2}"
EndProject
Project("{2150E333-8FDC-42A3-9474-1A3956D46DE8}") = "xUnitTest", "xUnitTest", "{D37E6CFB-E974-4BCA-B7A6-CE2E2F199936}"
EndProject
Project("{FAE04EC0-301F-11D3-BF4B-00C04F79EFBC}") = "Meta.xUnitTest", "Meta.xUnitTest\Meta.xUnitTest.csproj", "{78EC9F0F-04C9-4144-A9CA-2F93970FBBBE}"
EndProject
Global
	GlobalSection(SolutionConfigurationPlatforms) = preSolution
		Debug|Any CPU = Debug|Any CPU
		Release|Any CPU = Release|Any CPU
	EndGlobalSection
	GlobalSection(ProjectConfigurationPlatforms) = postSolution
		{EF006DA7-80A2-4A46-93D4-1DEC71F01F3C}.Debug|Any CPU.ActiveCfg = Debug|Any CPU
		{EF006DA7-80A2-4A46-93D4-1DEC71F01F3C}.Debug|Any CPU.Build.0 = Debug|Any CPU
		{EF006DA7-80A2-4A46-93D4-1DEC71F01F3C}.Release|Any CPU.ActiveCfg = Release|Any CPU
		{EF006DA7-80A2-4A46-93D4-1DEC71F01F3C}.Release|Any CPU.Build.0 = Release|Any CPU
		{AB4361E2-CB03-421D-9EFB-A54C499A7620}.Debug|Any CPU.ActiveCfg = Debug|Any CPU
		{AB4361E2-CB03-421D-9EFB-A54C499A7620}.Debug|Any CPU.Build.0 = Debug|Any CPU
		{AB4361E2-CB03-421D-9EFB-A54C499A7620}.Release|Any CPU.ActiveCfg = Release|Any CPU
		{AB4361E2-CB03-421D-9EFB-A54C499A7620}.Release|Any CPU.Build.0 = Release|Any CPU
		{78EC9F0F-04C9-4144-A9CA-2F93970FBBBE}.Debug|Any CPU.ActiveCfg = Debug|Any CPU
		{78EC9F0F-04C9-4144-A9CA-2F93970FBBBE}.Debug|Any CPU.Build.0 = Debug|Any CPU
		{78EC9F0F-04C9-4144-A9CA-2F93970FBBBE}.Release|Any CPU.ActiveCfg = Release|Any CPU
		{78EC9F0F-04C9-4144-A9CA-2F93970FBBBE}.Release|Any CPU.Build.0 = Release|Any CPU
	EndGlobalSection
	GlobalSection(SolutionProperties) = preSolution
		HideSolutionNode = FALSE
	EndGlobalSection
	GlobalSection(NestedProjects) = preSolution
		{EF006DA7-80A2-4A46-93D4-1DEC71F01F3C} = {7D3EA1C3-D54A-4326-825F-F7B93A2648E2}
		{AB4361E2-CB03-421D-9EFB-A54C499A7620} = {7D3EA1C3-D54A-4326-825F-F7B93A2648E2}
		{78EC9F0F-04C9-4144-A9CA-2F93970FBBBE} = {D37E6CFB-E974-4BCA-B7A6-CE2E2F199936}
	EndGlobalSection
	GlobalSection(ExtensibilityGlobals) = postSolution
		SolutionGuid = {AC8A76F0-ADF4-4D67-BF13-64CB7268D6C8}
	EndGlobalSection
EndGlobal
